
Microsoft Visual Studio Solution File, Format Version 12.00
# Visual Studio Version 16
VisualStudioVersion = 16.0.31515.178
MinimumVisualStudioVersion = 10.0.40219.1
Project("{FAE04EC0-301F-11D3-BF4B-00C04F79EFBC}") = "Calculadora", "Calculadora.csproj", "{AEAC35CD-564D-4F91-9C15-2924EF188001}"
EndProject
Global
	GlobalSection(SolutionConfigurationPlatforms) = preSolution
		Debug|Any CPU = Debug|Any CPU
		Release|Any CPU = Release|Any CPU
	EndGlobalSection
	GlobalSection(ProjectConfigurationPlatforms) = postSolution
		{AEAC35CD-564D-4F91-9C15-2924EF188001}.Debug|Any CPU.ActiveCfg = Debug|Any CPU
		{AEAC35CD-564D-4F91-9C15-2924EF188001}.Debug|Any CPU.Build.0 = Debug|Any CPU
		{AEAC35CD-564D-4F91-9C15-2924EF188001}.Release|Any CPU.ActiveCfg = Release|Any CPU
		{AEAC35CD-564D-4F91-9C15-2924EF188001}.Release|Any CPU.Build.0 = Release|Any CPU
	EndGlobalSection
	GlobalSection(SolutionProperties) = preSolution
		HideSolutionNode = FALSE
	EndGlobalSection
	GlobalSection(ExtensibilityGlobals) = postSolution
		SolutionGuid = {8982495A-D15B-496E-8651-E2AE1C385056}
	EndGlobalSection
EndGlobal
